
Microsoft Visual Studio Solution File, Format Version 12.00
# Visual Studio Version 16
VisualStudioVersion = 16.0.30002.166
MinimumVisualStudioVersion = 10.0.40219.1
Project("{FAE04EC0-301F-11D3-BF4B-00C04F79EFBC}") = "miniTC", "miniTC.csproj", "{833B33FB-6D07-4E9A-A275-4BF0E6086631}"
EndProject
Global
	GlobalSection(SolutionConfigurationPlatforms) = preSolution
		Debug|Any CPU = Debug|Any CPU
		Release|Any CPU = Release|Any CPU
	EndGlobalSection
	GlobalSection(ProjectConfigurationPlatforms) = postSolution
		{833B33FB-6D07-4E9A-A275-4BF0E6086631}.Debug|Any CPU.ActiveCfg = Debug|Any CPU
		{833B33FB-6D07-4E9A-A275-4BF0E6086631}.Debug|Any CPU.Build.0 = Debug|Any CPU
		{833B33FB-6D07-4E9A-A275-4BF0E6086631}.Release|Any CPU.ActiveCfg = Release|Any CPU
		{833B33FB-6D07-4E9A-A275-4BF0E6086631}.Release|Any CPU.Build.0 = Release|Any CPU
	EndGlobalSection
	GlobalSection(SolutionProperties) = preSolution
		HideSolutionNode = FALSE
	EndGlobalSection
	GlobalSection(ExtensibilityGlobals) = postSolution
		SolutionGuid = {DD28416E-0FCA-4A52-BEE1-1AE71A315D86}
	EndGlobalSection
EndGlobal
